
Microsoft Visual Studio Solution File, Format Version 12.00
# Visual Studio 2017
Project("{FAE04EC0-301F-11D3-BF4B-00C04F79EFBC}") = "Ez Farm Char", "Ez Farm Char.csproj", "{E5581622-DE53-0C23-7B00-F61C3A9ABB39}"
EndProject
Project("{FAE04EC0-301F-11D3-BF4B-00C04F79EFBC}") = "Ez Farm Char.Plugins", "Ez Farm Char.Plugins.csproj", "{2DEF896E-140C-DF71-7266-CC989BE1B801}"
EndProject
Global
	GlobalSection(SolutionConfigurationPlatforms) = preSolution
		Debug|Any CPU = Debug|Any CPU
		Release|Any CPU = Release|Any CPU
	EndGlobalSection
	GlobalSection(ProjectConfigurationPlatforms) = postSolution
		{E5581622-DE53-0C23-7B00-F61C3A9ABB39}.Debug|Any CPU.ActiveCfg = Debug|Any CPU
		{E5581622-DE53-0C23-7B00-F61C3A9ABB39}.Debug|Any CPU.Build.0 = Debug|Any CPU
		{E5581622-DE53-0C23-7B00-F61C3A9ABB39}.Release|Any CPU.ActiveCfg = Release|Any CPU
		{E5581622-DE53-0C23-7B00-F61C3A9ABB39}.Release|Any CPU.Build.0 = Release|Any CPU
		{2DEF896E-140C-DF71-7266-CC989BE1B801}.Debug|Any CPU.ActiveCfg = Debug|Any CPU
		{2DEF896E-140C-DF71-7266-CC989BE1B801}.Debug|Any CPU.Build.0 = Debug|Any CPU
		{2DEF896E-140C-DF71-7266-CC989BE1B801}.Release|Any CPU.ActiveCfg = Release|Any CPU
		{2DEF896E-140C-DF71-7266-CC989BE1B801}.Release|Any CPU.Build.0 = Release|Any CPU
	EndGlobalSection
	GlobalSection(SolutionProperties) = preSolution
		HideSolutionNode = FALSE
	EndGlobalSection
EndGlobal
